
Microsoft Visual Studio Solution File, Format Version 12.00
# Visual Studio 14
VisualStudioVersion = 14.0.24720.0
MinimumVisualStudioVersion = 10.0.40219.1
Project("{FAE04EC0-301F-11D3-BF4B-00C04F79EFBC}") = "OOP_Animal", "OOP_Animal\OOP_Animal.csproj", "{49521AAA-044E-436C-A375-4211C7280378}"
EndProject
Global
	GlobalSection(SolutionConfigurationPlatforms) = preSolution
		Debug|Any CPU = Debug|Any CPU
		Release|Any CPU = Release|Any CPU
	EndGlobalSection
	GlobalSection(ProjectConfigurationPlatforms) = postSolution
		{49521AAA-044E-436C-A375-4211C7280378}.Debug|Any CPU.ActiveCfg = Debug|Any CPU
		{49521AAA-044E-436C-A375-4211C7280378}.Debug|Any CPU.Build.0 = Debug|Any CPU
		{49521AAA-044E-436C-A375-4211C7280378}.Release|Any CPU.ActiveCfg = Release|Any CPU
		{49521AAA-044E-436C-A375-4211C7280378}.Release|Any CPU.Build.0 = Release|Any CPU
	EndGlobalSection
	GlobalSection(SolutionProperties) = preSolution
		HideSolutionNode = FALSE
	EndGlobalSection
EndGlobal
